<?xml version="1.0" encoding="UTF-8"?>
<Scheme
   LastUpgradeVersion = "1420"
   version = "1.3">
   <BuildAction
      parallelizeBuildables = "YES"
      buildImplicitDependencies = "YES">
      <BuildActionEntries>
         <BuildActionEntry
            buildForTesting = "YES"
            buildForRunning = "YES"
            buildForProfiling = "YES"
            buildForArchiving = "YES"
            buildForAnalyzing = "YES">
            <BuildableReference
               BuildableIdentifier = "primary"
               BlueprintIdentifier = "EC9B948A297EDD3B00C14E3D"
               BuildableName = "SwiftCourseUnitTestUdemy.app"
               BlueprintName = "SwiftCourseUnitTestUdemy"
               ReferencedContainer = "container:SwiftCourseUnitTestUdemy.xcodeproj">
            </BuildableReference>
         </BuildActionEntry>
      </BuildActionEntries>
   </BuildAction>
   <TestAction
      buildConfiguration = "Debug"
      selectedDebuggerIdentifier = "Xcode.DebuggerFoundation.Debugger.LLDB"
      selectedLauncherIdentifier = "Xcode.DebuggerFoundation.Launcher.LLDB"
      shouldUseLaunchSchemeArgsEnv = "YES">
      <Testables>
         <TestableReference
            skipped = "NO"
            parallelizable = "YES">
            <BuildableReference
               BuildableIdentifier = "primary"
               BlueprintIdentifier = "EC9B949A297EDD3D00C14E3D"
               BuildableName = "SwiftCourseUnitTestUdemyTests.xctest"
               BlueprintName = "SwiftCourseUnitTestUdemyTests"
               ReferencedContainer = "container:SwiftCourseUnitTestUdemy.xcodeproj">
            </BuildableReference>
            <SkippedTests>
               <Test
                  Identifier = "CalculatorTests/testDisable()">
               </Test>
            </SkippedTests>
         </TestableReference>
         <TestableReference
            skipped = "NO"
            parallelizable = "YES">
            <BuildableReference
               BuildableIdentifier = "primary"
               BlueprintIdentifier = "EC9B94A4297EDD3D00C14E3D"
               BuildableName = "SwiftCourseUnitTestUdemyUITests.xctest"
               BlueprintName = "SwiftCourseUnitTestUdemyUITests"
               ReferencedContainer = "container:SwiftCourseUnitTestUdemy.xcodeproj">
            </BuildableReference>
         </TestableReference>
      </Testables>
   </TestAction>
   <LaunchAction
      buildConfiguration = "Debug"
      selectedDebuggerIdentifier = "Xcode.DebuggerFoundation.Debugger.LLDB"
      selectedLauncherIdentifier = "Xcode.DebuggerFoundation.Launcher.LLDB"
      launchStyle = "0"
      useCustomWorkingDirectory = "NO"
      ignoresPersistentStateOnLaunch = "NO"
      debugDocumentVersioning = "YES"
      debugServiceExtension = "internal"
      allowLocationSimulation = "YES">
      <BuildableProductRunnable
         runnableDebuggingMode = "0">
         <BuildableReference
            BuildableIdentifier = "primary"
            BlueprintIdentifier = "EC9B948A297EDD3B00C14E3D"
            BuildableName = "SwiftCourseUnitTestUdemy.app"
            BlueprintName = "SwiftCourseUnitTestUdemy"
            ReferencedContainer = "container:SwiftCourseUnitTestUdemy.xcodeproj">
         </BuildableReference>
      </BuildableProductRunnable>
   </LaunchAction>
   <ProfileAction
      buildConfiguration = "Release"
      shouldUseLaunchSchemeArgsEnv = "YES"
      savedToolIdentifier = ""
      useCustomWorkingDirectory = "NO"
      debugDocumentVersioning = "YES">
      <BuildableProductRunnable
         runnableDebuggingMode = "0">
         <BuildableReference
            BuildableIdentifier = "primary"
            BlueprintIdentifier = "EC9B948A297EDD3B00C14E3D"
            BuildableName = "SwiftCourseUnitTestUdemy.app"
            BlueprintName = "SwiftCourseUnitTestUdemy"
            ReferencedContainer = "container:SwiftCourseUnitTestUdemy.xcodeproj">
         </BuildableReference>
      </BuildableProductRunnable>
   </ProfileAction>
   <AnalyzeAction
      buildConfiguration = "Debug">
   </AnalyzeAction>
   <ArchiveAction
      buildConfiguration = "Release"
      revealArchiveInOrganizer = "YES">
   </ArchiveAction>
</Scheme>
